
Microsoft Visual Studio Solution File, Format Version 12.00
# Visual Studio Version 17
VisualStudioVersion = 17.0.31919.166
MinimumVisualStudioVersion = 10.0.40219.1
Project("{FAE04EC0-301F-11D3-BF4B-00C04F79EFBC}") = "bt264", "bt264\bt264.csproj", "{2EED5777-A21B-4E56-92BF-AFDD5E904B50}"
EndProject
Global
	GlobalSection(SolutionConfigurationPlatforms) = preSolution
		Debug|Any CPU = Debug|Any CPU
		Release|Any CPU = Release|Any CPU
	EndGlobalSection
	GlobalSection(ProjectConfigurationPlatforms) = postSolution
		{2EED5777-A21B-4E56-92BF-AFDD5E904B50}.Debug|Any CPU.ActiveCfg = Debug|Any CPU
		{2EED5777-A21B-4E56-92BF-AFDD5E904B50}.Debug|Any CPU.Build.0 = Debug|Any CPU
		{2EED5777-A21B-4E56-92BF-AFDD5E904B50}.Release|Any CPU.ActiveCfg = Release|Any CPU
		{2EED5777-A21B-4E56-92BF-AFDD5E904B50}.Release|Any CPU.Build.0 = Release|Any CPU
	EndGlobalSection
	GlobalSection(SolutionProperties) = preSolution
		HideSolutionNode = FALSE
	EndGlobalSection
	GlobalSection(ExtensibilityGlobals) = postSolution
		SolutionGuid = {7C595B5F-4BD7-4267-80F2-174EACFFAF82}
	EndGlobalSection
EndGlobal
